{
  "lib/forge-std": {
    "tag": {
      "name": "v1.9.7",
      "rev": "77041d2ce690e692d6e03cc812b57d1ddaa4d505"
    }
  },
  "lib/openzeppelin-contracts": {
    "tag": {
      "name": "v5.2.0",
      "rev": "acd4ff74de833399287ed6b31b4debf6b2b35527"
    }
  },
  "lib/openzeppelin-contracts-upgradeable": {
    "tag": {
      "name": "v5.2.0",
      "rev": "3d5fa5c24c411112bab47bec25cfa9ad0af0e6e8"
    }
  }
}