{
  "lib/forge-std": {
    "tag": {
      "name": "v1.9.7",
      "rev": "77041d2ce690e692d6e03cc812b57d1ddaa4d505"
    }
  },
  "lib/openzeppelin-contracts": {
    "tag": {
      "name": "v5.5.0",
      "rev": "fcbae5394ae8ad52d8e580a3477db99814b9d565"
    }
  },
  "lib/openzeppelin-contracts-upgradeable": {
    "tag": {
      "name": "v5.2.0",
      "rev": "3d5fa5c24c411112bab47bec25cfa9ad0af0e6e8"
    }
  }
}